
Microsoft Visual Studio Solution File, Format Version 12.00
# Visual Studio Version 16
VisualStudioVersion = 16.0.30907.101
MinimumVisualStudioVersion = 10.0.40219.1
Project("{E24C65DC-7377-472B-9ABA-BC803B73C61A}") = "Calus", ".", "{61C9850F-D2E7-4521-A7B8-572D6FF41A15}"
	ProjectSection(WebsiteProperties) = preProject
		TargetFrameworkMoniker = ".NETFramework,Version%3Dv4.0"
		Debug.AspNetCompiler.VirtualPath = "/localhost_61121"
		Debug.AspNetCompiler.PhysicalPath = "..\Calus\"
		Debug.AspNetCompiler.TargetPath = "PrecompiledWeb\localhost_61121\"
		Debug.AspNetCompiler.Updateable = "true"
		Debug.AspNetCompiler.ForceOverwrite = "true"
		Debug.AspNetCompiler.FixedNames = "false"
		Debug.AspNetCompiler.Debug = "True"
		Release.AspNetCompiler.VirtualPath = "/localhost_61121"
		Release.AspNetCompiler.PhysicalPath = "..\Calus\"
		Release.AspNetCompiler.TargetPath = "PrecompiledWeb\localhost_61121\"
		Release.AspNetCompiler.Updateable = "true"
		Release.AspNetCompiler.ForceOverwrite = "true"
		Release.AspNetCompiler.FixedNames = "false"
		Release.AspNetCompiler.Debug = "False"
		VWDPort = "61121"
		SlnRelativePath = "..\Calus\"
	EndProjectSection
EndProject
Global
	GlobalSection(SolutionConfigurationPlatforms) = preSolution
		Debug|Any CPU = Debug|Any CPU
	EndGlobalSection
	GlobalSection(ProjectConfigurationPlatforms) = postSolution
		{61C9850F-D2E7-4521-A7B8-572D6FF41A15}.Debug|Any CPU.ActiveCfg = Debug|Any CPU
		{61C9850F-D2E7-4521-A7B8-572D6FF41A15}.Debug|Any CPU.Build.0 = Debug|Any CPU
	EndGlobalSection
	GlobalSection(SolutionProperties) = preSolution
		HideSolutionNode = FALSE
	EndGlobalSection
	GlobalSection(ExtensibilityGlobals) = postSolution
		SolutionGuid = {FC0877A2-143A-4BD3-9F97-94A2D277AF9F}
	EndGlobalSection
EndGlobal
